
Microsoft Visual Studio Solution File, Format Version 12.00
# Visual Studio Version 17
VisualStudioVersion = 17.7.34031.279
MinimumVisualStudioVersion = 10.0.40219.1
Project("{9A19103F-16F7-4668-BE54-9A1E7A4F7556}") = "Tarea5TicketDetalle.Server", "Tarea5TicketDetalle\Server\Tarea5TicketDetalle.Server.csproj", "{F15F93C0-C93B-4116-ABDF-F49C95F47F0E}"
EndProject
Project("{9A19103F-16F7-4668-BE54-9A1E7A4F7556}") = "Tarea5TicketDetalle.Client", "Tarea5TicketDetalle\Client\Tarea5TicketDetalle.Client.csproj", "{27069368-D3DC-4A96-83D2-EA5C14E210FE}"
EndProject
Project("{9A19103F-16F7-4668-BE54-9A1E7A4F7556}") = "Tarea5TicketDetalle.Shared", "Tarea5TicketDetalle\Shared\Tarea5TicketDetalle.Shared.csproj", "{0B0362D0-A6FF-4B2F-BA54-B390BDAA3334}"
EndProject
Global
	GlobalSection(SolutionConfigurationPlatforms) = preSolution
		Debug|Any CPU = Debug|Any CPU
		Release|Any CPU = Release|Any CPU
	EndGlobalSection
	GlobalSection(ProjectConfigurationPlatforms) = postSolution
		{F15F93C0-C93B-4116-ABDF-F49C95F47F0E}.Debug|Any CPU.ActiveCfg = Debug|Any CPU
		{F15F93C0-C93B-4116-ABDF-F49C95F47F0E}.Debug|Any CPU.Build.0 = Debug|Any CPU
		{F15F93C0-C93B-4116-ABDF-F49C95F47F0E}.Release|Any CPU.ActiveCfg = Release|Any CPU
		{F15F93C0-C93B-4116-ABDF-F49C95F47F0E}.Release|Any CPU.Build.0 = Release|Any CPU
		{27069368-D3DC-4A96-83D2-EA5C14E210FE}.Debug|Any CPU.ActiveCfg = Debug|Any CPU
		{27069368-D3DC-4A96-83D2-EA5C14E210FE}.Debug|Any CPU.Build.0 = Debug|Any CPU
		{27069368-D3DC-4A96-83D2-EA5C14E210FE}.Release|Any CPU.ActiveCfg = Release|Any CPU
		{27069368-D3DC-4A96-83D2-EA5C14E210FE}.Release|Any CPU.Build.0 = Release|Any CPU
		{0B0362D0-A6FF-4B2F-BA54-B390BDAA3334}.Debug|Any CPU.ActiveCfg = Debug|Any CPU
		{0B0362D0-A6FF-4B2F-BA54-B390BDAA3334}.Debug|Any CPU.Build.0 = Debug|Any CPU
		{0B0362D0-A6FF-4B2F-BA54-B390BDAA3334}.Release|Any CPU.ActiveCfg = Release|Any CPU
		{0B0362D0-A6FF-4B2F-BA54-B390BDAA3334}.Release|Any CPU.Build.0 = Release|Any CPU
	EndGlobalSection
	GlobalSection(SolutionProperties) = preSolution
		HideSolutionNode = FALSE
	EndGlobalSection
	GlobalSection(ExtensibilityGlobals) = postSolution
		SolutionGuid = {E9CBCA04-029C-4364-B464-6A1D54FFD396}
	EndGlobalSection
EndGlobal
